// !$*UTF8*$!
{
	archiveVersion = 1;
	classes = {
	};
	objectVersion = 56;
	objects = {

/* Begin PBXBuildFile section */
		APP001 /* WorkoutTrackerApp.swift in Sources */ = {isa = PBXBuildFile; fileRef = SRC001 /* WorkoutTrackerApp.swift */; };
		APP002 /* ContentView.swift in Sources */ = {isa = PBXBuildFile; fileRef = SRC002 /* ContentView.swift */; };
		APP004 /* AppDelegate.swift in Sources */ = {isa = PBXBuildFile; fileRef = SRC030 /* AppDelegate.swift */; };
		APP003 /* Assets.xcassets in Resources */ = {isa = PBXBuildFile; fileRef = RES001 /* Assets.xcassets */; };
		CMP001 /* ExerciseRow.swift in Sources */ = {isa = PBXBuildFile; fileRef = SRC014 /* ExerciseRow.swift */; };
		CMP002 /* WorkoutCard.swift in Sources */ = {isa = PBXBuildFile; fileRef = SRC015 /* WorkoutCard.swift */; };
		CMP003 /* BodyWeightCard.swift in Sources */ = {isa = PBXBuildFile; fileRef = SRC022 /* BodyWeightCard.swift */; };
		CMP004 /* AddBodyWeightSheet.swift in Sources */ = {isa = PBXBuildFile; fileRef = SRC023 /* AddBodyWeightSheet.swift */; };
		CMP005 /* SyncStatusIndicator.swift in Sources */ = {isa = PBXBuildFile; fileRef = SRC033 /* SyncStatusIndicator.swift */; };
		MDL001 /* WorkoutType.swift in Sources */ = {isa = PBXBuildFile; fileRef = SRC003 /* WorkoutType.swift */; };
		MDL002 /* Exercise.swift in Sources */ = {isa = PBXBuildFile; fileRef = SRC004 /* Exercise.swift */; };
		MDL003 /* WorkoutLog.swift in Sources */ = {isa = PBXBuildFile; fileRef = SRC005 /* WorkoutLog.swift */; };
		MDL004 /* ContentNote.swift in Sources */ = {isa = PBXBuildFile; fileRef = SRC006 /* ContentNote.swift */; };
		MDL005 /* BodyWeightEntry.swift in Sources */ = {isa = PBXBuildFile; fileRef = SRC024 /* BodyWeightEntry.swift */; };
		MDL006 /* SyncSupport.swift in Sources */ = {isa = PBXBuildFile; fileRef = SRC031 /* SyncSupport.swift */; };
		PRG001 /* ProgressView.swift in Sources */ = {isa = PBXBuildFile; fileRef = SRC025 /* ProgressView.swift */; };
		PRG002 /* ExerciseChartView.swift in Sources */ = {isa = PBXBuildFile; fileRef = SRC026 /* ExerciseChartView.swift */; };
		PRG003 /* BodyWeightChartView.swift in Sources */ = {isa = PBXBuildFile; fileRef = SRC027 /* BodyWeightChartView.swift */; };
		PRV001 /* SampleData.swift in Sources */ = {isa = PBXBuildFile; fileRef = SRC017 /* SampleData.swift */; };
		SVC001 /* APIClient.swift in Sources */ = {isa = PBXBuildFile; fileRef = SRC018 /* APIClient.swift */; };
		SVC002 /* APIModels.swift in Sources */ = {isa = PBXBuildFile; fileRef = SRC019 /* APIModels.swift */; };
		SVC003 /* SyncEngine.swift in Sources */ = {isa = PBXBuildFile; fileRef = SRC029 /* SyncEngine.swift */; };
		SVC004 /* SyncMetadataMigration.swift in Sources */ = {isa = PBXBuildFile; fileRef = SRC032 /* SyncMetadataMigration.swift */; };
		THM001 /* AppTheme.swift in Sources */ = {isa = PBXBuildFile; fileRef = SRC016 /* AppTheme.swift */; };
		VIW001 /* HomeView.swift in Sources */ = {isa = PBXBuildFile; fileRef = SRC009 /* HomeView.swift */; };
		VIW002 /* WorkoutDetailView.swift in Sources */ = {isa = PBXBuildFile; fileRef = SRC010 /* WorkoutDetailView.swift */; };
		VIW003 /* LogWorkoutSheet.swift in Sources */ = {isa = PBXBuildFile; fileRef = SRC011 /* LogWorkoutSheet.swift */; };
		VIW004 /* HistoryView.swift in Sources */ = {isa = PBXBuildFile; fileRef = SRC012 /* HistoryView.swift */; };
		VIW005 /* NotesView.swift in Sources */ = {isa = PBXBuildFile; fileRef = SRC013 /* NotesView.swift */; };
		VIW006 /* ExerciseEditorSheet.swift in Sources */ = {isa = PBXBuildFile; fileRef = SRC021 /* ExerciseEditorSheet.swift */; };
		VWM001 /* WorkoutViewModel.swift in Sources */ = {isa = PBXBuildFile; fileRef = SRC007 /* WorkoutViewModel.swift */; };
		VWM002 /* HistoryViewModel.swift in Sources */ = {isa = PBXBuildFile; fileRef = SRC008 /* HistoryViewModel.swift */; };
		VWM003 /* ProgressViewModel.swift in Sources */ = {isa = PBXBuildFile; fileRef = SRC028 /* ProgressViewModel.swift */; };
		TST001 /* SyncEngineTests.swift in Sources */ = {isa = PBXBuildFile; fileRef = TSF001 /* SyncEngineTests.swift */; };
/* End PBXBuildFile section */

/* Begin PBXContainerItemProxy section */
		CIP001 /* PBXContainerItemProxy */ = {
			isa = PBXContainerItemProxy;
			containerPortal = PRJ001 /* Project object */;
			proxyType = 1;
			remoteGlobalIDString = TGT001;
			remoteInfo = WorkoutTracker;
		};
/* End PBXContainerItemProxy section */

/* Begin PBXFileReference section */
		PRD001 /* WorkoutTracker.app */ = {isa = PBXFileReference; explicitFileType = wrapper.application; includeInIndex = 0; path = WorkoutTracker.app; sourceTree = BUILT_PRODUCTS_DIR; };
		PRD002 /* WorkoutTrackerTests.xctest */ = {isa = PBXFileReference; explicitFileType = wrapper.cfbundle; includeInIndex = 0; path = WorkoutTrackerTests.xctest; sourceTree = BUILT_PRODUCTS_DIR; };
		RES001 /* Assets.xcassets */ = {isa = PBXFileReference; lastKnownFileType = folder.assetcatalog; path = Assets.xcassets; sourceTree = "<group>"; };
		SRC001 /* WorkoutTrackerApp.swift */ = {isa = PBXFileReference; lastKnownFileType = sourcecode.swift; path = WorkoutTrackerApp.swift; sourceTree = "<group>"; };
		SRC002 /* ContentView.swift */ = {isa = PBXFileReference; lastKnownFileType = sourcecode.swift; path = ContentView.swift; sourceTree = "<group>"; };
		SRC003 /* WorkoutType.swift */ = {isa = PBXFileReference; lastKnownFileType = sourcecode.swift; path = WorkoutType.swift; sourceTree = "<group>"; };
		SRC004 /* Exercise.swift */ = {isa = PBXFileReference; lastKnownFileType = sourcecode.swift; path = Exercise.swift; sourceTree = "<group>"; };
		SRC005 /* WorkoutLog.swift */ = {isa = PBXFileReference; lastKnownFileType = sourcecode.swift; path = WorkoutLog.swift; sourceTree = "<group>"; };
		SRC006 /* ContentNote.swift */ = {isa = PBXFileReference; lastKnownFileType = sourcecode.swift; path = ContentNote.swift; sourceTree = "<group>"; };
		SRC007 /* WorkoutViewModel.swift */ = {isa = PBXFileReference; lastKnownFileType = sourcecode.swift; path = WorkoutViewModel.swift; sourceTree = "<group>"; };
		SRC008 /* HistoryViewModel.swift */ = {isa = PBXFileReference; lastKnownFileType = sourcecode.swift; path = HistoryViewModel.swift; sourceTree = "<group>"; };
		SRC009 /* HomeView.swift */ = {isa = PBXFileReference; lastKnownFileType = sourcecode.swift; path = HomeView.swift; sourceTree = "<group>"; };
		SRC010 /* WorkoutDetailView.swift */ = {isa = PBXFileReference; lastKnownFileType = sourcecode.swift; path = WorkoutDetailView.swift; sourceTree = "<group>"; };
		SRC011 /* LogWorkoutSheet.swift */ = {isa = PBXFileReference; lastKnownFileType = sourcecode.swift; path = LogWorkoutSheet.swift; sourceTree = "<group>"; };
		SRC012 /* HistoryView.swift */ = {isa = PBXFileReference; lastKnownFileType = sourcecode.swift; path = HistoryView.swift; sourceTree = "<group>"; };
		SRC013 /* NotesView.swift */ = {isa = PBXFileReference; lastKnownFileType = sourcecode.swift; path = NotesView.swift; sourceTree = "<group>"; };
		SRC014 /* ExerciseRow.swift */ = {isa = PBXFileReference; lastKnownFileType = sourcecode.swift; path = ExerciseRow.swift; sourceTree = "<group>"; };
		SRC015 /* WorkoutCard.swift */ = {isa = PBXFileReference; lastKnownFileType = sourcecode.swift; path = WorkoutCard.swift; sourceTree = "<group>"; };
		SRC016 /* AppTheme.swift */ = {isa = PBXFileReference; lastKnownFileType = sourcecode.swift; path = AppTheme.swift; sourceTree = "<group>"; };
		SRC017 /* SampleData.swift */ = {isa = PBXFileReference; lastKnownFileType = sourcecode.swift; path = SampleData.swift; sourceTree = "<group>"; };
		SRC018 /* APIClient.swift */ = {isa = PBXFileReference; lastKnownFileType = sourcecode.swift; path = APIClient.swift; sourceTree = "<group>"; };
		SRC019 /* APIModels.swift */ = {isa = PBXFileReference; lastKnownFileType = sourcecode.swift; path = APIModels.swift; sourceTree = "<group>"; };
		SRC021 /* ExerciseEditorSheet.swift */ = {isa = PBXFileReference; lastKnownFileType = sourcecode.swift; path = ExerciseEditorSheet.swift; sourceTree = "<group>"; };
		SRC022 /* BodyWeightCard.swift */ = {isa = PBXFileReference; lastKnownFileType = sourcecode.swift; path = BodyWeightCard.swift; sourceTree = "<group>"; };
		SRC023 /* AddBodyWeightSheet.swift */ = {isa = PBXFileReference; lastKnownFileType = sourcecode.swift; path = AddBodyWeightSheet.swift; sourceTree = "<group>"; };
		SRC024 /* BodyWeightEntry.swift */ = {isa = PBXFileReference; lastKnownFileType = sourcecode.swift; path = BodyWeightEntry.swift; sourceTree = "<group>"; };
		SRC025 /* ProgressView.swift */ = {isa = PBXFileReference; lastKnownFileType = sourcecode.swift; path = ProgressView.swift; sourceTree = "<group>"; };
		SRC026 /* ExerciseChartView.swift */ = {isa = PBXFileReference; lastKnownFileType = sourcecode.swift; path = ExerciseChartView.swift; sourceTree = "<group>"; };
		SRC027 /* BodyWeightChartView.swift */ = {isa = PBXFileReference; lastKnownFileType = sourcecode.swift; path = BodyWeightChartView.swift; sourceTree = "<group>"; };
		SRC028 /* ProgressViewModel.swift */ = {isa = PBXFileReference; lastKnownFileType = sourcecode.swift; path = ProgressViewModel.swift; sourceTree = "<group>"; };
		SRC029 /* SyncEngine.swift */ = {isa = PBXFileReference; lastKnownFileType = sourcecode.swift; path = SyncEngine.swift; sourceTree = "<group>"; };
		SRC030 /* AppDelegate.swift */ = {isa = PBXFileReference; lastKnownFileType = sourcecode.swift; path = AppDelegate.swift; sourceTree = "<group>"; };
		SRC031 /* SyncSupport.swift */ = {isa = PBXFileReference; lastKnownFileType = sourcecode.swift; path = SyncSupport.swift; sourceTree = "<group>"; };
		SRC032 /* SyncMetadataMigration.swift */ = {isa = PBXFileReference; lastKnownFileType = sourcecode.swift; path = SyncMetadataMigration.swift; sourceTree = "<group>"; };
		SRC033 /* SyncStatusIndicator.swift */ = {isa = PBXFileReference; lastKnownFileType = sourcecode.swift; path = SyncStatusIndicator.swift; sourceTree = "<group>"; };
		TSF001 /* SyncEngineTests.swift */ = {isa = PBXFileReference; lastKnownFileType = sourcecode.swift; path = SyncEngineTests.swift; sourceTree = "<group>"; };
/* End PBXFileReference section */

/* Begin PBXFrameworksBuildPhase section */
		FRM001 /* Frameworks */ = {
			isa = PBXFrameworksBuildPhase;
			buildActionMask = 2147483647;
			files = (
			);
			runOnlyForDeploymentPostprocessing = 0;
		};
		FRM002 /* Frameworks */ = {
			isa = PBXFrameworksBuildPhase;
			buildActionMask = 2147483647;
			files = (
			);
			runOnlyForDeploymentPostprocessing = 0;
		};
/* End PBXFrameworksBuildPhase section */

/* Begin PBXGroup section */
		GRP001 = {
			isa = PBXGroup;
			children = (
				GRP002 /* WorkoutTracker */,
				GRP012 /* WorkoutTrackerTests */,
				GRP003 /* Products */,
			);
			sourceTree = "<group>";
		};
		GRP002 /* WorkoutTracker */ = {
			isa = PBXGroup;
			children = (
				SRC030 /* AppDelegate.swift */,
				SRC001 /* WorkoutTrackerApp.swift */,
				SRC002 /* ContentView.swift */,
				GRP004 /* Models */,
				GRP005 /* ViewModels */,
				GRP006 /* Views */,
				GRP010 /* Services */,
				GRP008 /* Theme */,
				GRP009 /* Preview Content */,
				RES001 /* Assets.xcassets */,
			);
			path = WorkoutTracker;
			sourceTree = "<group>";
		};
		GRP003 /* Products */ = {
			isa = PBXGroup;
			children = (
				PRD001 /* WorkoutTracker.app */,
				PRD002 /* WorkoutTrackerTests.xctest */,
			);
			name = Products;
			sourceTree = "<group>";
		};
		GRP004 /* Models */ = {
			isa = PBXGroup;
			children = (
				SRC003 /* WorkoutType.swift */,
				SRC004 /* Exercise.swift */,
				SRC005 /* WorkoutLog.swift */,
				SRC006 /* ContentNote.swift */,
				SRC024 /* BodyWeightEntry.swift */,
				SRC031 /* SyncSupport.swift */,
			);
			path = Models;
			sourceTree = "<group>";
		};
		GRP005 /* ViewModels */ = {
			isa = PBXGroup;
			children = (
				SRC007 /* WorkoutViewModel.swift */,
				SRC008 /* HistoryViewModel.swift */,
				SRC028 /* ProgressViewModel.swift */,
			);
			path = ViewModels;
			sourceTree = "<group>";
		};
		GRP006 /* Views */ = {
			isa = PBXGroup;
			children = (
				SRC009 /* HomeView.swift */,
				SRC010 /* WorkoutDetailView.swift */,
				SRC011 /* LogWorkoutSheet.swift */,
				SRC021 /* ExerciseEditorSheet.swift */,
				SRC012 /* HistoryView.swift */,
				SRC013 /* NotesView.swift */,
				GRP007 /* Components */,
				GRP011 /* Progress */,
			);
			path = Views;
			sourceTree = "<group>";
		};
		GRP007 /* Components */ = {
			isa = PBXGroup;
			children = (
				SRC014 /* ExerciseRow.swift */,
				SRC015 /* WorkoutCard.swift */,
				SRC022 /* BodyWeightCard.swift */,
				SRC023 /* AddBodyWeightSheet.swift */,
				SRC033 /* SyncStatusIndicator.swift */,
			);
			path = Components;
			sourceTree = "<group>";
		};
		GRP008 /* Theme */ = {
			isa = PBXGroup;
			children = (
				SRC016 /* AppTheme.swift */,
			);
			path = Theme;
			sourceTree = "<group>";
		};
		GRP009 /* Preview Content */ = {
			isa = PBXGroup;
			children = (
				SRC017 /* SampleData.swift */,
			);
			path = "Preview Content";
			sourceTree = "<group>";
		};
		GRP010 /* Services */ = {
			isa = PBXGroup;
			children = (
				SRC018 /* APIClient.swift */,
				SRC019 /* APIModels.swift */,
				SRC029 /* SyncEngine.swift */,
				SRC032 /* SyncMetadataMigration.swift */,
			);
			path = Services;
			sourceTree = "<group>";
		};
		GRP011 /* Progress */ = {
			isa = PBXGroup;
			children = (
				SRC025 /* ProgressView.swift */,
				SRC026 /* ExerciseChartView.swift */,
				SRC027 /* BodyWeightChartView.swift */,
			);
			path = Progress;
			sourceTree = "<group>";
		};
		GRP012 /* WorkoutTrackerTests */ = {
			isa = PBXGroup;
			children = (
				TSF001 /* SyncEngineTests.swift */,
			);
			path = WorkoutTrackerTests;
			sourceTree = "<group>";
		};
/* End PBXGroup section */

/* Begin PBXNativeTarget section */
		TGT001 /* WorkoutTracker */ = {
			isa = PBXNativeTarget;
			buildConfigurationList = CFG003 /* Build configuration list for PBXNativeTarget "WorkoutTracker" */;
			buildPhases = (
				SRC020 /* Sources */,
				FRM001 /* Frameworks */,
				RSC001 /* Resources */,
			);
			buildRules = (
			);
			dependencies = (
			);
			name = WorkoutTracker;
			productName = WorkoutTracker;
			productReference = PRD001 /* WorkoutTracker.app */;
			productType = "com.apple.product-type.application";
		};
		TGT002 /* WorkoutTrackerTests */ = {
			isa = PBXNativeTarget;
			buildConfigurationList = CFG007 /* Build configuration list for PBXNativeTarget "WorkoutTrackerTests" */;
			buildPhases = (
				TSS001 /* Sources */,
				FRM002 /* Frameworks */,
			);
			buildRules = (
			);
			dependencies = (
				DEP001 /* PBXTargetDependency */,
			);
			name = WorkoutTrackerTests;
			productName = WorkoutTrackerTests;
			productReference = PRD002 /* WorkoutTrackerTests.xctest */;
			productType = "com.apple.product-type.bundle.unit-test";
		};
/* End PBXNativeTarget section */

/* Begin PBXProject section */
		PRJ001 /* Project object */ = {
			isa = PBXProject;
			attributes = {
				BuildIndependentTargetsInParallel = 1;
				LastSwiftUpdateCheck = 1500;
				LastUpgradeCheck = 2630;
				TargetAttributes = {
					TGT001 = {
						CreatedOnToolsVersion = 15.0;
					};
					TGT002 = {
						CreatedOnToolsVersion = 15.0;
						TestTargetID = TGT001;
					};
				};
			};
			buildConfigurationList = CFG001 /* Build configuration list for PBXProject "WorkoutTracker" */;
			compatibilityVersion = "Xcode 14.0";
			developmentRegion = en;
			hasScannedForEncodings = 0;
			knownRegions = (
				en,
				Base,
			);
			mainGroup = GRP001;
			productRefGroup = GRP003 /* Products */;
			projectDirPath = "";
			projectRoot = "";
			targets = (
				TGT001 /* WorkoutTracker */,
				TGT002 /* WorkoutTrackerTests */,
			);
		};
/* End PBXProject section */

/* Begin PBXResourcesBuildPhase section */
		RSC001 /* Resources */ = {
			isa = PBXResourcesBuildPhase;
			buildActionMask = 2147483647;
			files = (
				APP003 /* Assets.xcassets in Resources */,
			);
			runOnlyForDeploymentPostprocessing = 0;
		};
/* End PBXResourcesBuildPhase section */

/* Begin PBXSourcesBuildPhase section */
		SRC020 /* Sources */ = {
			isa = PBXSourcesBuildPhase;
			buildActionMask = 2147483647;
			files = (
				APP001 /* WorkoutTrackerApp.swift in Sources */,
				APP002 /* ContentView.swift in Sources */,
				APP004 /* AppDelegate.swift in Sources */,
				MDL001 /* WorkoutType.swift in Sources */,
				MDL002 /* Exercise.swift in Sources */,
				MDL003 /* WorkoutLog.swift in Sources */,
				MDL004 /* ContentNote.swift in Sources */,
				MDL005 /* BodyWeightEntry.swift in Sources */,
				MDL006 /* SyncSupport.swift in Sources */,
				VWM001 /* WorkoutViewModel.swift in Sources */,
				VWM002 /* HistoryViewModel.swift in Sources */,
				VWM003 /* ProgressViewModel.swift in Sources */,
				VIW001 /* HomeView.swift in Sources */,
				VIW002 /* WorkoutDetailView.swift in Sources */,
				VIW003 /* LogWorkoutSheet.swift in Sources */,
				VIW004 /* HistoryView.swift in Sources */,
				VIW005 /* NotesView.swift in Sources */,
				VIW006 /* ExerciseEditorSheet.swift in Sources */,
				CMP001 /* ExerciseRow.swift in Sources */,
				CMP002 /* WorkoutCard.swift in Sources */,
				CMP003 /* BodyWeightCard.swift in Sources */,
				CMP004 /* AddBodyWeightSheet.swift in Sources */,
				CMP005 /* SyncStatusIndicator.swift in Sources */,
				PRG001 /* ProgressView.swift in Sources */,
				PRG002 /* ExerciseChartView.swift in Sources */,
				PRG003 /* BodyWeightChartView.swift in Sources */,
				THM001 /* AppTheme.swift in Sources */,
				PRV001 /* SampleData.swift in Sources */,
				SVC001 /* APIClient.swift in Sources */,
				SVC002 /* APIModels.swift in Sources */,
				SVC003 /* SyncEngine.swift in Sources */,
				SVC004 /* SyncMetadataMigration.swift in Sources */,
			);
			runOnlyForDeploymentPostprocessing = 0;
		};
		TSS001 /* Sources */ = {
			isa = PBXSourcesBuildPhase;
			buildActionMask = 2147483647;
			files = (
				TST001 /* SyncEngineTests.swift in Sources */,
			);
			runOnlyForDeploymentPostprocessing = 0;
		};
/* End PBXSourcesBuildPhase section */

/* Begin PBXTargetDependency section */
		DEP001 /* PBXTargetDependency */ = {
			isa = PBXTargetDependency;
			target = TGT001 /* WorkoutTracker */;
			targetProxy = CIP001 /* PBXContainerItemProxy */;
		};
/* End PBXTargetDependency section */

/* Begin XCBuildConfiguration section */
		CFG002 /* Debug */ = {
			isa = XCBuildConfiguration;
			buildSettings = {
				ALWAYS_SEARCH_USER_PATHS = NO;
				ASSETCATALOG_COMPILER_GENERATE_SWIFT_ASSET_SYMBOL_EXTENSIONS = YES;
				CLANG_ANALYZER_NONNULL = YES;
				CLANG_ANALYZER_NUMBER_OBJECT_CONVERSION = YES_AGGRESSIVE;
				CLANG_CXX_LANGUAGE_STANDARD = "gnu++20";
				CLANG_ENABLE_MODULES = YES;
				CLANG_ENABLE_OBJC_ARC = YES;
				CLANG_ENABLE_OBJC_WEAK = YES;
				CLANG_WARN_BLOCK_CAPTURE_AUTORELEASING = YES;
				CLANG_WARN_BOOL_CONVERSION = YES;
				CLANG_WARN_COMMA = YES;
				CLANG_WARN_CONSTANT_CONVERSION = YES;
				CLANG_WARN_DEPRECATED_OBJC_IMPLEMENTATIONS = YES;
				CLANG_WARN_DIRECT_OBJC_ISA_USAGE = YES_ERROR;
				CLANG_WARN_DOCUMENTATION_COMMENTS = YES;
				CLANG_WARN_EMPTY_BODY = YES;
				CLANG_WARN_ENUM_CONVERSION = YES;
				CLANG_WARN_INFINITE_RECURSION = YES;
				CLANG_WARN_INT_CONVERSION = YES;
				CLANG_WARN_NON_LITERAL_NULL_CONVERSION = YES;
				CLANG_WARN_OBJC_IMPLICIT_RETAIN_SELF = YES;
				CLANG_WARN_OBJC_LITERAL_CONVERSION = YES;
				CLANG_WARN_OBJC_ROOT_CLASS = YES_ERROR;
				CLANG_WARN_QUOTED_INCLUDE_IN_FRAMEWORK_HEADER = YES;
				CLANG_WARN_RANGE_LOOP_ANALYSIS = YES;
				CLANG_WARN_STRICT_PROTOTYPES = YES;
				CLANG_WARN_SUSPICIOUS_MOVE = YES;
				CLANG_WARN_UNGUARDED_AVAILABILITY = YES_AGGRESSIVE;
				CLANG_WARN_UNREACHABLE_CODE = YES;
				CLANG_WARN__DUPLICATE_METHOD_MATCH = YES;
				COPY_PHASE_STRIP = NO;
				DEBUG_INFORMATION_FORMAT = dwarf;
				ENABLE_STRICT_OBJC_MSGSEND = YES;
				ENABLE_TESTABILITY = YES;
				ENABLE_USER_SCRIPT_SANDBOXING = YES;
				GCC_C_LANGUAGE_STANDARD = gnu17;
				GCC_DYNAMIC_NO_PIC = NO;
				GCC_NO_COMMON_BLOCKS = YES;
				GCC_OPTIMIZATION_LEVEL = 0;
				GCC_PREPROCESSOR_DEFINITIONS = (
					"DEBUG=1",
					"$(inherited)",
				);
				GCC_WARN_64_TO_32_BIT_CONVERSION = YES;
				GCC_WARN_ABOUT_RETURN_TYPE = YES_ERROR;
				GCC_WARN_UNDECLARED_SELECTOR = YES;
				GCC_WARN_UNINITIALIZED_AUTOS = YES_AGGRESSIVE;
				GCC_WARN_UNUSED_FUNCTION = YES;
				GCC_WARN_UNUSED_VARIABLE = YES;
				IPHONEOS_DEPLOYMENT_TARGET = 17.0;
				LOCALIZATION_PREFERS_STRING_CATALOGS = YES;
				MTL_ENABLE_DEBUG_INFO = INCLUDE_SOURCE;
				MTL_FAST_MATH = YES;
				ONLY_ACTIVE_ARCH = YES;
				SDKROOT = iphoneos;
				SWIFT_ACTIVE_COMPILATION_CONDITIONS = "DEBUG $(inherited)";
				SWIFT_OPTIMIZATION_LEVEL = "-Onone";
			};
			name = Debug;
		};
		CFG004 /* Release */ = {
			isa = XCBuildConfiguration;
			buildSettings = {
				ALWAYS_SEARCH_USER_PATHS = NO;
				ASSETCATALOG_COMPILER_GENERATE_SWIFT_ASSET_SYMBOL_EXTENSIONS = YES;
				CLANG_ANALYZER_NONNULL = YES;
				CLANG_ANALYZER_NUMBER_OBJECT_CONVERSION = YES_AGGRESSIVE;
				CLANG_CXX_LANGUAGE_STANDARD = "gnu++20";
				CLANG_ENABLE_MODULES = YES;
				CLANG_ENABLE_OBJC_ARC = YES;
				CLANG_ENABLE_OBJC_WEAK = YES;
				CLANG_WARN_BLOCK_CAPTURE_AUTORELEASING = YES;
				CLANG_WARN_BOOL_CONVERSION = YES;
				CLANG_WARN_COMMA = YES;
				CLANG_WARN_CONSTANT_CONVERSION = YES;
				CLANG_WARN_DEPRECATED_OBJC_IMPLEMENTATIONS = YES;
				CLANG_WARN_DIRECT_OBJC_ISA_USAGE = YES_ERROR;
				CLANG_WARN_DOCUMENTATION_COMMENTS = YES;
				CLANG_WARN_EMPTY_BODY = YES;
				CLANG_WARN_ENUM_CONVERSION = YES;
				CLANG_WARN_INFINITE_RECURSION = YES;
				CLANG_WARN_INT_CONVERSION = YES;
				CLANG_WARN_NON_LITERAL_NULL_CONVERSION = YES;
				CLANG_WARN_OBJC_IMPLICIT_RETAIN_SELF = YES;
				CLANG_WARN_OBJC_LITERAL_CONVERSION = YES;
				CLANG_WARN_OBJC_ROOT_CLASS = YES_ERROR;
				CLANG_WARN_QUOTED_INCLUDE_IN_FRAMEWORK_HEADER = YES;
				CLANG_WARN_RANGE_LOOP_ANALYSIS = YES;
				CLANG_WARN_STRICT_PROTOTYPES = YES;
				CLANG_WARN_SUSPICIOUS_MOVE = YES;
				CLANG_WARN_UNGUARDED_AVAILABILITY = YES_AGGRESSIVE;
				CLANG_WARN_UNREACHABLE_CODE = YES;
				CLANG_WARN__DUPLICATE_METHOD_MATCH = YES;
				COPY_PHASE_STRIP = NO;
				DEBUG_INFORMATION_FORMAT = "dwarf-with-dsym";
				ENABLE_NS_ASSERTIONS = NO;
				ENABLE_STRICT_OBJC_MSGSEND = YES;
				ENABLE_USER_SCRIPT_SANDBOXING = YES;
				GCC_C_LANGUAGE_STANDARD = gnu17;
				GCC_NO_COMMON_BLOCKS = YES;
				GCC_WARN_64_TO_32_BIT_CONVERSION = YES;
				GCC_WARN_ABOUT_RETURN_TYPE = YES_ERROR;
				GCC_WARN_UNDECLARED_SELECTOR = YES;
				GCC_WARN_UNINITIALIZED_AUTOS = YES_AGGRESSIVE;
				GCC_WARN_UNUSED_FUNCTION = YES;
				GCC_WARN_UNUSED_VARIABLE = YES;
				IPHONEOS_DEPLOYMENT_TARGET = 17.0;
				LOCALIZATION_PREFERS_STRING_CATALOGS = YES;
				MTL_ENABLE_DEBUG_INFO = NO;
				MTL_FAST_MATH = YES;
				SDKROOT = iphoneos;
				SWIFT_COMPILATION_MODE = wholemodule;
				VALIDATE_PRODUCT = YES;
			};
			name = Release;
		};
		CFG005 /* Debug */ = {
			isa = XCBuildConfiguration;
			buildSettings = {
				ASSETCATALOG_COMPILER_APPICON_NAME = AppIcon;
				ASSETCATALOG_COMPILER_GLOBAL_ACCENT_COLOR_NAME = AccentColor;
				CODE_SIGN_STYLE = Automatic;
				CURRENT_PROJECT_VERSION = 1;
				DEVELOPMENT_ASSET_PATHS = "\"WorkoutTracker/Preview Content\"";
				DEVELOPMENT_TEAM = QF6B888F7S;
				ENABLE_PREVIEWS = YES;
				GENERATE_INFOPLIST_FILE = YES;
				INFOPLIST_FILE = WorkoutTracker/Info.plist;
				INFOPLIST_KEY_UIApplicationSupportsIndirectInputEvents = YES;
				INFOPLIST_KEY_UIRequiredDeviceCapabilities = armv7;
				INFOPLIST_KEY_UISupportedInterfaceOrientations = UIInterfaceOrientationPortrait;
				INFOPLIST_KEY_UISupportedInterfaceOrientations_iPad = "UIInterfaceOrientationPortrait UIInterfaceOrientationPortraitUpsideDown UIInterfaceOrientationLandscapeLeft UIInterfaceOrientationLandscapeRight";
				INFOPLIST_KEY_UISupportedInterfaceOrientations_iPhone = UIInterfaceOrientationPortrait;
				LD_RUNPATH_SEARCH_PATHS = (
					"$(inherited)",
					"@executable_path/Frameworks",
				);
				MARKETING_VERSION = 1.0;
				PRODUCT_BUNDLE_IDENTIFIER = "com.jiggidy.workout-tracker";
				PRODUCT_NAME = "$(TARGET_NAME)";
				SWIFT_EMIT_LOC_STRINGS = YES;
				SWIFT_VERSION = 5.0;
				TARGETED_DEVICE_FAMILY = "1,2";
			};
			name = Debug;
		};
		CFG006 /* Release */ = {
			isa = XCBuildConfiguration;
			buildSettings = {
				ASSETCATALOG_COMPILER_APPICON_NAME = AppIcon;
				ASSETCATALOG_COMPILER_GLOBAL_ACCENT_COLOR_NAME = AccentColor;
				CODE_SIGN_STYLE = Automatic;
				CURRENT_PROJECT_VERSION = 1;
				DEVELOPMENT_ASSET_PATHS = "\"WorkoutTracker/Preview Content\"";
				DEVELOPMENT_TEAM = QF6B888F7S;
				ENABLE_PREVIEWS = YES;
				GENERATE_INFOPLIST_FILE = YES;
				INFOPLIST_FILE = WorkoutTracker/Info.plist;
				INFOPLIST_KEY_UIApplicationSupportsIndirectInputEvents = YES;
				INFOPLIST_KEY_UIRequiredDeviceCapabilities = armv7;
				INFOPLIST_KEY_UISupportedInterfaceOrientations = UIInterfaceOrientationPortrait;
				INFOPLIST_KEY_UISupportedInterfaceOrientations_iPad = "UIInterfaceOrientationPortrait UIInterfaceOrientationPortraitUpsideDown UIInterfaceOrientationLandscapeLeft UIInterfaceOrientationLandscapeRight";
				INFOPLIST_KEY_UISupportedInterfaceOrientations_iPhone = UIInterfaceOrientationPortrait;
				LD_RUNPATH_SEARCH_PATHS = (
					"$(inherited)",
					"@executable_path/Frameworks",
				);
				MARKETING_VERSION = 1.0;
				PRODUCT_BUNDLE_IDENTIFIER = "com.jiggidy.workout-tracker";
				PRODUCT_NAME = "$(TARGET_NAME)";
				SWIFT_EMIT_LOC_STRINGS = YES;
				SWIFT_VERSION = 5.0;
				TARGETED_DEVICE_FAMILY = "1,2";
			};
			name = Release;
		};
		CFG008 /* Debug */ = {
			isa = XCBuildConfiguration;
			buildSettings = {
				BUNDLE_LOADER = "$(TEST_HOST)";
				CODE_SIGN_STYLE = Automatic;
				CURRENT_PROJECT_VERSION = 1;
				DEVELOPMENT_TEAM = QF6B888F7S;
				GENERATE_INFOPLIST_FILE = YES;
				MARKETING_VERSION = 1.0;
				PRODUCT_BUNDLE_IDENTIFIER = "com.jiggidy.workout-tracker.tests";
				PRODUCT_NAME = "$(TARGET_NAME)";
				SWIFT_EMIT_LOC_STRINGS = NO;
				SWIFT_VERSION = 5.0;
				TARGETED_DEVICE_FAMILY = "1,2";
				TEST_HOST = "$(BUILT_PRODUCTS_DIR)/WorkoutTracker.app/$(BUNDLE_EXECUTABLE_FOLDER_PATH)/WorkoutTracker";
			};
			name = Debug;
		};
		CFG009 /* Release */ = {
			isa = XCBuildConfiguration;
			buildSettings = {
				BUNDLE_LOADER = "$(TEST_HOST)";
				CODE_SIGN_STYLE = Automatic;
				CURRENT_PROJECT_VERSION = 1;
				DEVELOPMENT_TEAM = QF6B888F7S;
				GENERATE_INFOPLIST_FILE = YES;
				MARKETING_VERSION = 1.0;
				PRODUCT_BUNDLE_IDENTIFIER = "com.jiggidy.workout-tracker.tests";
				PRODUCT_NAME = "$(TARGET_NAME)";
				SWIFT_EMIT_LOC_STRINGS = NO;
				SWIFT_VERSION = 5.0;
				TARGETED_DEVICE_FAMILY = "1,2";
				TEST_HOST = "$(BUILT_PRODUCTS_DIR)/WorkoutTracker.app/$(BUNDLE_EXECUTABLE_FOLDER_PATH)/WorkoutTracker";
			};
			name = Release;
		};
/* End XCBuildConfiguration section */

/* Begin XCConfigurationList section */
		CFG001 /* Build configuration list for PBXProject "WorkoutTracker" */ = {
			isa = XCConfigurationList;
			buildConfigurations = (
				CFG002 /* Debug */,
				CFG004 /* Release */,
			);
			defaultConfigurationIsVisible = 0;
			defaultConfigurationName = Release;
		};
		CFG003 /* Build configuration list for PBXNativeTarget "WorkoutTracker" */ = {
			isa = XCConfigurationList;
			buildConfigurations = (
				CFG005 /* Debug */,
				CFG006 /* Release */,
			);
			defaultConfigurationIsVisible = 0;
			defaultConfigurationName = Release;
		};
		CFG007 /* Build configuration list for PBXNativeTarget "WorkoutTrackerTests" */ = {
			isa = XCConfigurationList;
			buildConfigurations = (
				CFG008 /* Debug */,
				CFG009 /* Release */,
			);
			defaultConfigurationIsVisible = 0;
			defaultConfigurationName = Release;
		};
/* End XCConfigurationList section */
	};
	rootObject = PRJ001 /* Project object */;
}
